
Microsoft Visual Studio Solution File, Format Version 12.00
# Visual Studio Version 17
VisualStudioVersion = 17.0.31912.275
MinimumVisualStudioVersion = 10.0.40219.1
Project("{9A19103F-16F7-4668-BE54-9A1E7A4F7556}") = "Ursu_Alexandra_Lab2", "Ursu_Alexandra_Lab2\Ursu_Alexandra_Lab2.csproj", "{A5B8F9CB-BCB4-4B88-8F9C-A1746919F155}"
EndProject
Project("{FAE04EC0-301F-11D3-BF4B-00C04F79EFBC}") = "LibraryModel", "LibraryModel\LibraryModel.csproj", "{EC9A2A98-F296-4D25-9212-A72D30E6F1A2}"
EndProject
Project("{FAE04EC0-301F-11D3-BF4B-00C04F79EFBC}") = "LibraryWebAPI", "LibraryWebAPI\LibraryWebAPI.csproj", "{DE9596AD-084B-4C16-9957-7867C1C43183}"
EndProject
Global
	GlobalSection(SolutionConfigurationPlatforms) = preSolution
		Debug|Any CPU = Debug|Any CPU
		Release|Any CPU = Release|Any CPU
	EndGlobalSection
	GlobalSection(ProjectConfigurationPlatforms) = postSolution
		{A5B8F9CB-BCB4-4B88-8F9C-A1746919F155}.Debug|Any CPU.ActiveCfg = Debug|Any CPU
		{A5B8F9CB-BCB4-4B88-8F9C-A1746919F155}.Debug|Any CPU.Build.0 = Debug|Any CPU
		{A5B8F9CB-BCB4-4B88-8F9C-A1746919F155}.Release|Any CPU.ActiveCfg = Release|Any CPU
		{A5B8F9CB-BCB4-4B88-8F9C-A1746919F155}.Release|Any CPU.Build.0 = Release|Any CPU
		{EC9A2A98-F296-4D25-9212-A72D30E6F1A2}.Debug|Any CPU.ActiveCfg = Debug|Any CPU
		{EC9A2A98-F296-4D25-9212-A72D30E6F1A2}.Debug|Any CPU.Build.0 = Debug|Any CPU
		{EC9A2A98-F296-4D25-9212-A72D30E6F1A2}.Release|Any CPU.ActiveCfg = Release|Any CPU
		{EC9A2A98-F296-4D25-9212-A72D30E6F1A2}.Release|Any CPU.Build.0 = Release|Any CPU
		{DE9596AD-084B-4C16-9957-7867C1C43183}.Debug|Any CPU.ActiveCfg = Debug|Any CPU
		{DE9596AD-084B-4C16-9957-7867C1C43183}.Debug|Any CPU.Build.0 = Debug|Any CPU
		{DE9596AD-084B-4C16-9957-7867C1C43183}.Release|Any CPU.ActiveCfg = Release|Any CPU
		{DE9596AD-084B-4C16-9957-7867C1C43183}.Release|Any CPU.Build.0 = Release|Any CPU
	EndGlobalSection
	GlobalSection(SolutionProperties) = preSolution
		HideSolutionNode = FALSE
	EndGlobalSection
	GlobalSection(ExtensibilityGlobals) = postSolution
		SolutionGuid = {C6627718-9D58-48FB-9DAF-3546641D38AD}
	EndGlobalSection
EndGlobal
